// !$*UTF8*$!
{
	archiveVersion = 1;
	classes = {
	};
	objectVersion = 46;
	objects = {

/* Begin PBXBuildFile section */
		42C0C9791393077D007DF53F /* RunTests.sh in Resources */ = {isa = PBXBuildFile; fileRef = 42C0C9781393077D007DF53F /* RunTests.sh */; };
		42C2FC911392FDC800D4A517 /* OCHamcrestIOS.framework in Frameworks */ = {isa = PBXBuildFile; fileRef = 42C2FC901392FDC800D4A517 /* OCHamcrestIOS.framework */; };
		42C2FC951392FF0E00D4A517 /* WhenSmokeTestingTheApplication.m in Sources */ = {isa = PBXBuildFile; fileRef = 42C2FC941392FF0E00D4A517 /* WhenSmokeTestingTheApplication.m */; };
		42C2FC971392FFAE00D4A517 /* GHUnitIOS.framework in Frameworks */ = {isa = PBXBuildFile; fileRef = 42C2FC961392FFAE00D4A517 /* GHUnitIOS.framework */; };
		42C2FC991393006B00D4A517 /* GHUnitIOSTestMain.m in Sources */ = {isa = PBXBuildFile; fileRef = 42C2FC981393006B00D4A517 /* GHUnitIOSTestMain.m */; };
		42DB81FF13904F260077E21D /* iOSTestingExampleAppDelegate.m in Sources */ = {isa = PBXBuildFile; fileRef = 42DB81F913904E230077E21D /* iOSTestingExampleAppDelegate.m */; };
		42DB820013904F260077E21D /* main.m in Sources */ = {isa = PBXBuildFile; fileRef = 42DB81FA13904E230077E21D /* main.m */; };
		42DB820513904F900077E21D /* Foundation.framework in Frameworks */ = {isa = PBXBuildFile; fileRef = 42DB820113904F400077E21D /* Foundation.framework */; };
		42DB820613904F900077E21D /* UIKit.framework in Frameworks */ = {isa = PBXBuildFile; fileRef = 42DB820313904F730077E21D /* UIKit.framework */; };
		42DB820713904FD30077E21D /* MainWindow.xib in Resources */ = {isa = PBXBuildFile; fileRef = 42DB81F313904E230077E21D /* MainWindow.xib */; };
		42DB8237139050480077E21D /* UIKit.framework in Frameworks */ = {isa = PBXBuildFile; fileRef = 42DB820313904F730077E21D /* UIKit.framework */; };
		42DB8238139050480077E21D /* Foundation.framework in Frameworks */ = {isa = PBXBuildFile; fileRef = 42DB820113904F400077E21D /* Foundation.framework */; };
		42DB823A139050480077E21D /* CoreGraphics.framework in Frameworks */ = {isa = PBXBuildFile; fileRef = 42DB8239139050480077E21D /* CoreGraphics.framework */; };
/* End PBXBuildFile section */

/* Begin PBXFileReference section */
		42C0C9781393077D007DF53F /* RunTests.sh */ = {isa = PBXFileReference; fileEncoding = 4; lastKnownFileType = text.script.sh; path = RunTests.sh; sourceTree = "<group>"; };
		42C2FC901392FDC800D4A517 /* OCHamcrestIOS.framework */ = {isa = PBXFileReference; lastKnownFileType = wrapper.framework; path = OCHamcrestIOS.framework; sourceTree = "<group>"; };
		42C2FC941392FF0E00D4A517 /* WhenSmokeTestingTheApplication.m */ = {isa = PBXFileReference; fileEncoding = 4; lastKnownFileType = sourcecode.c.objc; path = WhenSmokeTestingTheApplication.m; sourceTree = "<group>"; };
		42C2FC961392FFAE00D4A517 /* GHUnitIOS.framework */ = {isa = PBXFileReference; lastKnownFileType = wrapper.framework; path = GHUnitIOS.framework; sourceTree = "<group>"; };
		42C2FC981393006B00D4A517 /* GHUnitIOSTestMain.m */ = {isa = PBXFileReference; fileEncoding = 4; lastKnownFileType = sourcecode.c.objc; path = GHUnitIOSTestMain.m; sourceTree = "<group>"; };
		42DB81BE13904BB90077E21D /* iOSTestingExample.app */ = {isa = PBXFileReference; explicitFileType = wrapper.application; includeInIndex = 0; path = iOSTestingExample.app; sourceTree = BUILT_PRODUCTS_DIR; };
		42DB81F213904E230077E21D /* en */ = {isa = PBXFileReference; lastKnownFileType = text.plist.strings; name = en; path = en.lproj/InfoPlist.strings; sourceTree = "<group>"; };
		42DB81F413904E230077E21D /* en */ = {isa = PBXFileReference; lastKnownFileType = file.xib; name = en; path = en.lproj/MainWindow.xib; sourceTree = "<group>"; };
		42DB81F513904E230077E21D /* iOSTestingExample-Info.plist */ = {isa = PBXFileReference; lastKnownFileType = text.plist.xml; path = "iOSTestingExample-Info.plist"; sourceTree = "<group>"; };
		42DB81F613904E230077E21D /* iOSTestingExample-Prefix.pch */ = {isa = PBXFileReference; lastKnownFileType = sourcecode.c.h; path = "iOSTestingExample-Prefix.pch"; sourceTree = "<group>"; };
		42DB81F813904E230077E21D /* iOSTestingExampleAppDelegate.h */ = {isa = PBXFileReference; lastKnownFileType = sourcecode.c.h; path = iOSTestingExampleAppDelegate.h; sourceTree = "<group>"; };
		42DB81F913904E230077E21D /* iOSTestingExampleAppDelegate.m */ = {isa = PBXFileReference; lastKnownFileType = sourcecode.c.objc; path = iOSTestingExampleAppDelegate.m; sourceTree = "<group>"; };
		42DB81FA13904E230077E21D /* main.m */ = {isa = PBXFileReference; lastKnownFileType = sourcecode.c.objc; path = main.m; sourceTree = "<group>"; };
		42DB820113904F400077E21D /* Foundation.framework */ = {isa = PBXFileReference; lastKnownFileType = wrapper.framework; name = Foundation.framework; path = System/Library/Frameworks/Foundation.framework; sourceTree = SDKROOT; };
		42DB820313904F730077E21D /* UIKit.framework */ = {isa = PBXFileReference; lastKnownFileType = wrapper.framework; name = UIKit.framework; path = System/Library/Frameworks/UIKit.framework; sourceTree = SDKROOT; };
		42DB8235139050480077E21D /* Tests.app */ = {isa = PBXFileReference; explicitFileType = wrapper.application; includeInIndex = 0; path = Tests.app; sourceTree = BUILT_PRODUCTS_DIR; };
		42DB8239139050480077E21D /* CoreGraphics.framework */ = {isa = PBXFileReference; lastKnownFileType = wrapper.framework; name = CoreGraphics.framework; path = System/Library/Frameworks/CoreGraphics.framework; sourceTree = SDKROOT; };
		42DB824F139050C20077E21D /* en */ = {isa = PBXFileReference; lastKnownFileType = text.plist.strings; name = en; path = en.lproj/InfoPlist.strings; sourceTree = "<group>"; };
		42DB8251139050C20077E21D /* Tests-Info.plist */ = {isa = PBXFileReference; fileEncoding = 4; lastKnownFileType = text.plist.xml; path = "Tests-Info.plist"; sourceTree = "<group>"; };
		42DB8252139050C20077E21D /* Tests-Prefix.pch */ = {isa = PBXFileReference; fileEncoding = 4; lastKnownFileType = sourcecode.c.h; path = "Tests-Prefix.pch"; sourceTree = "<group>"; };
/* End PBXFileReference section */

/* Begin PBXFrameworksBuildPhase section */
		42DB81BB13904BB90077E21D /* Frameworks */ = {
			isa = PBXFrameworksBuildPhase;
			buildActionMask = 2147483647;
			files = (
				42DB820513904F900077E21D /* Foundation.framework in Frameworks */,
				42DB820613904F900077E21D /* UIKit.framework in Frameworks */,
			);
			runOnlyForDeploymentPostprocessing = 0;
		};
		42DB8232139050480077E21D /* Frameworks */ = {
			isa = PBXFrameworksBuildPhase;
			buildActionMask = 2147483647;
			files = (
				42DB8237139050480077E21D /* UIKit.framework in Frameworks */,
				42DB8238139050480077E21D /* Foundation.framework in Frameworks */,
				42DB823A139050480077E21D /* CoreGraphics.framework in Frameworks */,
				42C2FC911392FDC800D4A517 /* OCHamcrestIOS.framework in Frameworks */,
				42C2FC971392FFAE00D4A517 /* GHUnitIOS.framework in Frameworks */,
			);
			runOnlyForDeploymentPostprocessing = 0;
		};
/* End PBXFrameworksBuildPhase section */

/* Begin PBXGroup section */
		42DB81B313904BB90077E21D = {
			isa = PBXGroup;
			children = (
				42DB81ED13904E230077E21D /* Application */,
				42DB823B139050480077E21D /* Tests */,
				42DB81FC13904E230077E21D /* Frameworks */,
				42DB81FD13904E230077E21D /* Libraries */,
				42DB81BF13904BB90077E21D /* Products */,
			);
			sourceTree = "<group>";
		};
		42DB81BF13904BB90077E21D /* Products */ = {
			isa = PBXGroup;
			children = (
				42DB81BE13904BB90077E21D /* iOSTestingExample.app */,
				42DB8235139050480077E21D /* Tests.app */,
			);
			name = Products;
			sourceTree = "<group>";
		};
		42DB81ED13904E230077E21D /* Application */ = {
			isa = PBXGroup;
			children = (
				42DB81EE13904E230077E21D /* Controller */,
				42DB81EF13904E230077E21D /* Model */,
				42DB81F013904E230077E21D /* Resources */,
				42DB81F713904E230077E21D /* Support */,
				42DB81FB13904E230077E21D /* View */,
			);
			path = Application;
			sourceTree = "<group>";
		};
		42DB81EE13904E230077E21D /* Controller */ = {
			isa = PBXGroup;
			children = (
			);
			path = Controller;
			sourceTree = "<group>";
		};
		42DB81EF13904E230077E21D /* Model */ = {
			isa = PBXGroup;
			children = (
			);
			path = Model;
			sourceTree = "<group>";
		};
		42DB81F013904E230077E21D /* Resources */ = {
			isa = PBXGroup;
			children = (
				42DB81F113904E230077E21D /* InfoPlist.strings */,
				42DB81F313904E230077E21D /* MainWindow.xib */,
				42DB81F513904E230077E21D /* iOSTestingExample-Info.plist */,
				42DB81F613904E230077E21D /* iOSTestingExample-Prefix.pch */,
			);
			path = Resources;
			sourceTree = "<group>";
		};
		42DB81F713904E230077E21D /* Support */ = {
			isa = PBXGroup;
			children = (
				42DB81F813904E230077E21D /* iOSTestingExampleAppDelegate.h */,
				42DB81F913904E230077E21D /* iOSTestingExampleAppDelegate.m */,
				42DB81FA13904E230077E21D /* main.m */,
			);
			path = Support;
			sourceTree = "<group>";
		};
		42DB81FB13904E230077E21D /* View */ = {
			isa = PBXGroup;
			children = (
			);
			path = View;
			sourceTree = "<group>";
		};
		42DB81FC13904E230077E21D /* Frameworks */ = {
			isa = PBXGroup;
			children = (
				42C2FC961392FFAE00D4A517 /* GHUnitIOS.framework */,
				42C2FC901392FDC800D4A517 /* OCHamcrestIOS.framework */,
				42DB820113904F400077E21D /* Foundation.framework */,
				42DB820313904F730077E21D /* UIKit.framework */,
				42DB8239139050480077E21D /* CoreGraphics.framework */,
			);
			path = Frameworks;
			sourceTree = "<group>";
		};
		42DB81FD13904E230077E21D /* Libraries */ = {
			isa = PBXGroup;
			children = (
			);
			path = Libraries;
			sourceTree = "<group>";
		};
		42DB823B139050480077E21D /* Tests */ = {
			isa = PBXGroup;
			children = (
				42DB824D139050C20077E21D /* Resources */,
				42C2FC941392FF0E00D4A517 /* WhenSmokeTestingTheApplication.m */,
			);
			path = Tests;
			sourceTree = "<group>";
		};
		42DB824D139050C20077E21D /* Resources */ = {
			isa = PBXGroup;
			children = (
				42C2FC981393006B00D4A517 /* GHUnitIOSTestMain.m */,
				42DB824E139050C20077E21D /* InfoPlist.strings */,
				42DB8251139050C20077E21D /* Tests-Info.plist */,
				42DB8252139050C20077E21D /* Tests-Prefix.pch */,
				42C0C9781393077D007DF53F /* RunTests.sh */,
			);
			path = Resources;
			sourceTree = "<group>";
		};
/* End PBXGroup section */

/* Begin PBXNativeTarget section */
		42DB81BD13904BB90077E21D /* iOSTestingExample */ = {
			isa = PBXNativeTarget;
			buildConfigurationList = 42DB81D913904BB90077E21D /* Build configuration list for PBXNativeTarget "iOSTestingExample" */;
			buildPhases = (
				42DB81BA13904BB90077E21D /* Sources */,
				42DB81BB13904BB90077E21D /* Frameworks */,
				42DB81BC13904BB90077E21D /* Resources */,
			);
			buildRules = (
			);
			dependencies = (
			);
			name = iOSTestingExample;
			productName = iOSTestingExample;
			productReference = 42DB81BE13904BB90077E21D /* iOSTestingExample.app */;
			productType = "com.apple.product-type.application";
		};
		42DB8234139050480077E21D /* Tests */ = {
			isa = PBXNativeTarget;
			buildConfigurationList = 42DB824A139050480077E21D /* Build configuration list for PBXNativeTarget "Tests" */;
			buildPhases = (
				42DB8231139050480077E21D /* Sources */,
				42DB8232139050480077E21D /* Frameworks */,
				42DB8233139050480077E21D /* Resources */,
				42C0C97B1393079E007DF53F /* ShellScript */,
			);
			buildRules = (
			);
			dependencies = (
			);
			name = Tests;
			productName = Tests;
			productReference = 42DB8235139050480077E21D /* Tests.app */;
			productType = "com.apple.product-type.application";
		};
/* End PBXNativeTarget section */

/* Begin PBXProject section */
		42DB81B513904BB90077E21D /* Project object */ = {
			isa = PBXProject;
			attributes = {
				ORGANIZATIONNAME = None;
			};
			buildConfigurationList = 42DB81B813904BB90077E21D /* Build configuration list for PBXProject "iOSTestingExample" */;
			compatibilityVersion = "Xcode 3.2";
			developmentRegion = English;
			hasScannedForEncodings = 0;
			knownRegions = (
				en,
			);
			mainGroup = 42DB81B313904BB90077E21D;
			productRefGroup = 42DB81BF13904BB90077E21D /* Products */;
			projectDirPath = "";
			projectRoot = "";
			targets = (
				42DB81BD13904BB90077E21D /* iOSTestingExample */,
				42DB8234139050480077E21D /* Tests */,
			);
		};
/* End PBXProject section */

/* Begin PBXResourcesBuildPhase section */
		42DB81BC13904BB90077E21D /* Resources */ = {
			isa = PBXResourcesBuildPhase;
			buildActionMask = 2147483647;
			files = (
				42DB820713904FD30077E21D /* MainWindow.xib in Resources */,
				42C0C9791393077D007DF53F /* RunTests.sh in Resources */,
			);
			runOnlyForDeploymentPostprocessing = 0;
		};
		42DB8233139050480077E21D /* Resources */ = {
			isa = PBXResourcesBuildPhase;
			buildActionMask = 2147483647;
			files = (
			);
			runOnlyForDeploymentPostprocessing = 0;
		};
/* End PBXResourcesBuildPhase section */

/* Begin PBXShellScriptBuildPhase section */
		42C0C97B1393079E007DF53F /* ShellScript */ = {
			isa = PBXShellScriptBuildPhase;
			buildActionMask = 2147483647;
			files = (
			);
			inputPaths = (
			);
			outputPaths = (
			);
			runOnlyForDeploymentPostprocessing = 0;
			shellPath = /bin/sh;
			shellScript = "chmod u+x $PROJECT_DIR/Tests/Resources/RunTests.sh\n$PROJECT_DIR/Tests/Resources/RunTests.sh";
		};
/* End PBXShellScriptBuildPhase section */

/* Begin PBXSourcesBuildPhase section */
		42DB81BA13904BB90077E21D /* Sources */ = {
			isa = PBXSourcesBuildPhase;
			buildActionMask = 2147483647;
			files = (
				42DB81FF13904F260077E21D /* iOSTestingExampleAppDelegate.m in Sources */,
				42DB820013904F260077E21D /* main.m in Sources */,
			);
			runOnlyForDeploymentPostprocessing = 0;
		};
		42DB8231139050480077E21D /* Sources */ = {
			isa = PBXSourcesBuildPhase;
			buildActionMask = 2147483647;
			files = (
				42C2FC951392FF0E00D4A517 /* WhenSmokeTestingTheApplication.m in Sources */,
				42C2FC991393006B00D4A517 /* GHUnitIOSTestMain.m in Sources */,
			);
			runOnlyForDeploymentPostprocessing = 0;
		};
/* End PBXSourcesBuildPhase section */

/* Begin PBXVariantGroup section */
		42DB81F113904E230077E21D /* InfoPlist.strings */ = {
			isa = PBXVariantGroup;
			children = (
				42DB81F213904E230077E21D /* en */,
			);
			name = InfoPlist.strings;
			sourceTree = "<group>";
		};
		42DB81F313904E230077E21D /* MainWindow.xib */ = {
			isa = PBXVariantGroup;
			children = (
				42DB81F413904E230077E21D /* en */,
			);
			name = MainWindow.xib;
			sourceTree = "<group>";
		};
		42DB824E139050C20077E21D /* InfoPlist.strings */ = {
			isa = PBXVariantGroup;
			children = (
				42DB824F139050C20077E21D /* en */,
			);
			name = InfoPlist.strings;
			sourceTree = "<group>";
		};
/* End PBXVariantGroup section */

/* Begin XCBuildConfiguration section */
		42DB81D713904BB90077E21D /* Debug */ = {
			isa = XCBuildConfiguration;
			buildSettings = {
				ARCHS = "$(ARCHS_STANDARD_32_BIT)";
				"CODE_SIGN_IDENTITY[sdk=iphoneos*]" = "iPhone Developer";
				GCC_C_LANGUAGE_STANDARD = gnu99;
				GCC_OPTIMIZATION_LEVEL = 0;
				GCC_PREPROCESSOR_DEFINITIONS = DEBUG;
				GCC_SYMBOLS_PRIVATE_EXTERN = NO;
				GCC_VERSION = com.apple.compilers.llvmgcc42;
				GCC_WARN_ABOUT_RETURN_TYPE = YES;
				GCC_WARN_UNUSED_VARIABLE = YES;
				IPHONEOS_DEPLOYMENT_TARGET = 4.3;
				SDKROOT = iphoneos;
			};
			name = Debug;
		};
		42DB81D813904BB90077E21D /* Release */ = {
			isa = XCBuildConfiguration;
			buildSettings = {
				ARCHS = "$(ARCHS_STANDARD_32_BIT)";
				"CODE_SIGN_IDENTITY[sdk=iphoneos*]" = "iPhone Developer";
				GCC_C_LANGUAGE_STANDARD = gnu99;
				GCC_VERSION = com.apple.compilers.llvmgcc42;
				GCC_WARN_ABOUT_RETURN_TYPE = YES;
				GCC_WARN_UNUSED_VARIABLE = YES;
				IPHONEOS_DEPLOYMENT_TARGET = 4.3;
				OTHER_CFLAGS = "-DNS_BLOCK_ASSERTIONS=1";
				SDKROOT = iphoneos;
			};
			name = Release;
		};
		42DB81DA13904BB90077E21D /* Debug */ = {
			isa = XCBuildConfiguration;
			buildSettings = {
				ALWAYS_SEARCH_USER_PATHS = NO;
				COPY_PHASE_STRIP = NO;
				GCC_DYNAMIC_NO_PIC = NO;
				GCC_PRECOMPILE_PREFIX_HEADER = YES;
				GCC_PREFIX_HEADER = "Application/Resources/$(TARGET_NAME)-Prefix.pch";
				INFOPLIST_FILE = "Application/Resources/$(TARGET_NAME)-Info.plist";
				PRODUCT_NAME = "$(TARGET_NAME)";
				WRAPPER_EXTENSION = app;
			};
			name = Debug;
		};
		42DB81DB13904BB90077E21D /* Release */ = {
			isa = XCBuildConfiguration;
			buildSettings = {
				ALWAYS_SEARCH_USER_PATHS = NO;
				COPY_PHASE_STRIP = YES;
				GCC_PRECOMPILE_PREFIX_HEADER = YES;
				GCC_PREFIX_HEADER = "Application/Resources/$(TARGET_NAME)-Prefix.pch";
				INFOPLIST_FILE = "Application/Resources/$(TARGET_NAME)-Info.plist";
				PRODUCT_NAME = "$(TARGET_NAME)";
				VALIDATE_PRODUCT = YES;
				WRAPPER_EXTENSION = app;
			};
			name = Release;
		};
		42DB824B139050480077E21D /* Debug */ = {
			isa = XCBuildConfiguration;
			buildSettings = {
				ALWAYS_SEARCH_USER_PATHS = NO;
				"CODE_SIGN_IDENTITY[sdk=iphoneos*]" = "iPhone Developer";
				COPY_PHASE_STRIP = NO;
				FRAMEWORK_SEARCH_PATHS = (
					"$(inherited)",
					"\"$(SRCROOT)/Frameworks\"",
				);
				GCC_DYNAMIC_NO_PIC = NO;
				GCC_PRECOMPILE_PREFIX_HEADER = YES;
				GCC_PREFIX_HEADER = "Tests/Resources/$(TARGET_NAME)-Prefix.pch";
				INFOPLIST_FILE = "Tests/Resources/$(TARGET_NAME)-Info.plist";
				OTHER_LDFLAGS = (
					"-ObjC",
					"-lstdc++",
					"-all_load",
				);
				PRODUCT_NAME = "$(TARGET_NAME)";
				WRAPPER_EXTENSION = app;
			};
			name = Debug;
		};
		42DB824C139050480077E21D /* Release */ = {
			isa = XCBuildConfiguration;
			buildSettings = {
				ALWAYS_SEARCH_USER_PATHS = NO;
				"CODE_SIGN_IDENTITY[sdk=iphoneos*]" = "iPhone Developer";
				COPY_PHASE_STRIP = YES;
				FRAMEWORK_SEARCH_PATHS = (
					"$(inherited)",
					"\"$(SRCROOT)/Frameworks\"",
				);
				GCC_PRECOMPILE_PREFIX_HEADER = YES;
				GCC_PREFIX_HEADER = "Tests/Resources/$(TARGET_NAME)-Prefix.pch";
				INFOPLIST_FILE = "Tests/Resources/$(TARGET_NAME)-Info.plist";
				OTHER_LDFLAGS = (
					"-ObjC",
					"-lstdc++",
					"-all_load",
				);
				PRODUCT_NAME = "$(TARGET_NAME)";
				VALIDATE_PRODUCT = YES;
				WRAPPER_EXTENSION = app;
			};
			name = Release;
		};
/* End XCBuildConfiguration section */

/* Begin XCConfigurationList section */
		42DB81B813904BB90077E21D /* Build configuration list for PBXProject "iOSTestingExample" */ = {
			isa = XCConfigurationList;
			buildConfigurations = (
				42DB81D713904BB90077E21D /* Debug */,
				42DB81D813904BB90077E21D /* Release */,
			);
			defaultConfigurationIsVisible = 0;
			defaultConfigurationName = Release;
		};
		42DB81D913904BB90077E21D /* Build configuration list for PBXNativeTarget "iOSTestingExample" */ = {
			isa = XCConfigurationList;
			buildConfigurations = (
				42DB81DA13904BB90077E21D /* Debug */,
				42DB81DB13904BB90077E21D /* Release */,
			);
			defaultConfigurationIsVisible = 0;
			defaultConfigurationName = Release;
		};
		42DB824A139050480077E21D /* Build configuration list for PBXNativeTarget "Tests" */ = {
			isa = XCConfigurationList;
			buildConfigurations = (
				42DB824B139050480077E21D /* Debug */,
				42DB824C139050480077E21D /* Release */,
			);
			defaultConfigurationIsVisible = 0;
			defaultConfigurationName = Release;
		};
/* End XCConfigurationList section */
	};
	rootObject = 42DB81B513904BB90077E21D /* Project object */;
}
